PODS:
  - BUKDynamicPopView (1.0.1)
  - BUKPickerView (1.0.0):
    - BUKDynamicPopView (~> 1.0.1)

DEPENDENCIES:
  - BUKPickerView (from `../`)

EXTERNAL SOURCES:
  BUKPickerView:
    :path: "../"

SPEC CHECKSUMS:
  BUKDynamicPopView: a610094cc9c5a5247283bc99f9e5d4d552c48983
  BUKPickerView: a47422064490d437d0e2167ab2faf92bff3b2d12

COCOAPODS: 0.37.2
