PODS:
  - BUKDynamicPopView (1.0.3)
  - BUKPickerView (1.0.3):
    - BUKDynamicPopView

DEPENDENCIES:
  - BUKPickerView (from `../`)

EXTERNAL SOURCES:
  BUKPickerView:
    :path: "../"

SPEC CHECKSUMS:
  BUKDynamicPopView: ace4710f05acaaba512360169ec782fa18d35d79
  BUKPickerView: 2266080bf5e9bffeb8eeda6a3e69157c7e00517a

COCOAPODS: 0.39.0
